{
    "name": "whut-resource",
    "version": "1.0.0",
    "lockfileVersion": 3,
    "requires": true,
    "packages": {
        "": {
            "name": "whut-resource",
            "version": "1.0.0",
            "hasInstallScript": true,
            "dependencies": {
                "@fortawesome/fontawesome-free": "^6.4.0",
                "dompurify": "^3.0.5",
                "highlight.js": "^11.9.0",
                "jszip": "^3.10.1",
                "katex": "^0.16.9",
                "marked": "^11.2.0",
                "marked-footnote": "^1.2.2",
                "marked-highlight": "^2.1.0",
                "marked-katex-extension": "^5.1.7",
                "node-forge": "^1.3.3",
                "pdf-lib": "^1.17.1",
                "shepherd.js": "^10.0.1"
            },
            "devDependencies": {
                "clean-css": "^5.3.3",
                "html-minifier-terser": "^7.2.0",
                "terser": "^5.37.0"
            }
        },
        "node_modules/@fortawesome/fontawesome-free": {
            "version": "6.4.0",
            "resolved": "https://registry.npmjs.org/@fortawesome/fontawesome-free/-/fontawesome-free-6.4.0.tgz",
            "integrity": "sha512-0NyytTlPJwB/BF5LtRV8rrABDbe3TdTXqNB3PdZ+UUUZAEIrdOJdmABqKjt4AXwIoJNaRVVZEXxpNrqvE1GAYQ==",
            "hasInstallScript": true,
            "license": "(CC-BY-4.0 AND OFL-1.1 AND MIT)",
            "engines": {
                "node": ">=6"
            }
        },
        "node_modules/@jridgewell/gen-mapping": {
            "version": "0.3.13",
            "resolved": "https://registry.npmjs.org/@jridgewell/gen-mapping/-/gen-mapping-0.3.13.tgz",
            "integrity": "sha512-2kkt/7niJ6MgEPxF0bYdQ6etZaA+fQvDcLKckhy1yIQOzaoKjBBjSj63/aLVjYE3qhRt5dvM+uUyfCg6UKCBbA==",
            "dev": true,
            "license": "MIT",
            "dependencies": {
                "@jridgewell/sourcemap-codec": "^1.5.0",
                "@jridgewell/trace-mapping": "^0.3.24"
            }
        },
        "node_modules/@jridgewell/resolve-uri": {
            "version": "3.1.2",
            "resolved": "https://registry.npmjs.org/@jridgewell/resolve-uri/-/resolve-uri-3.1.2.tgz",
            "integrity": "sha512-bRISgCIjP20/tbWSPWMEi54QVPRZExkuD9lJL+UIxUKtwVJA8wW1Trb1jMs1RFXo1CBTNZ/5hpC9QvmKWdopKw==",
            "dev": true,
            "license": "MIT",
            "engines": {
                "node": ">=6.0.0"
            }
        },
        "node_modules/@jridgewell/source-map": {
            "version": "0.3.11",
            "resolved": "https://registry.npmjs.org/@jridgewell/source-map/-/source-map-0.3.11.tgz",
            "integrity": "sha512-ZMp1V8ZFcPG5dIWnQLr3NSI1MiCU7UETdS/A0G8V/XWHvJv3ZsFqutJn1Y5RPmAPX6F3BiE397OqveU/9NCuIA==",
            "dev": true,
            "license": "MIT",
            "dependencies": {
                "@jridgewell/gen-mapping": "^0.3.5",
                "@jridgewell/trace-mapping": "^0.3.25"
            }
        },
        "node_modules/@jridgewell/sourcemap-codec": {
            "version": "1.5.5",
            "resolved": "https://registry.npmjs.org/@jridgewell/sourcemap-codec/-/sourcemap-codec-1.5.5.tgz",
            "integrity": "sha512-cYQ9310grqxueWbl+WuIUIaiUaDcj7WOq5fVhEljNVgRfOUhY9fy2zTvfoqWsnebh8Sl70VScFbICvJnLKB0Og==",
            "dev": true,
            "license": "MIT"
        },
        "node_modules/@jridgewell/trace-mapping": {
            "version": "0.3.31",
            "resolved": "https://registry.npmjs.org/@jridgewell/trace-mapping/-/trace-mapping-0.3.31.tgz",
            "integrity": "sha512-zzNR+SdQSDJzc8joaeP8QQoCQr8NuYx2dIIytl1QeBEZHJ9uW6hebsrYgbz8hJwUQao3TWCMtmfV8Nu1twOLAw==",
            "dev": true,
            "license": "MIT",
            "dependencies": {
                "@jridgewell/resolve-uri": "^3.1.0",
                "@jridgewell/sourcemap-codec": "^1.4.14"
            }
        },
        "node_modules/@pdf-lib/standard-fonts": {
            "version": "1.0.0",
            "resolved": "https://registry.npmjs.org/@pdf-lib/standard-fonts/-/standard-fonts-1.0.0.tgz",
            "integrity": "sha512-hU30BK9IUN/su0Mn9VdlVKsWBS6GyhVfqjwl1FjZN4TxP6cCw0jP2w7V3Hf5uX7M0AZJ16vey9yE0ny7Sa59ZA==",
            "license": "MIT",
            "dependencies": {
                "pako": "^1.0.6"
            }
        },
        "node_modules/@pdf-lib/upng": {
            "version": "1.0.1",
            "resolved": "https://registry.npmjs.org/@pdf-lib/upng/-/upng-1.0.1.tgz",
            "integrity": "sha512-dQK2FUMQtowVP00mtIksrlZhdFXQZPC+taih1q4CvPZ5vqdxR/LKBaFg0oAfzd1GlHZXXSPdQfzQnt+ViGvEIQ==",
            "license": "MIT",
            "dependencies": {
                "pako": "^1.0.10"
            }
        },
        "node_modules/@popperjs/core": {
            "version": "2.11.8",
            "resolved": "https://registry.npmjs.org/@popperjs/core/-/core-2.11.8.tgz",
            "integrity": "sha512-P1st0aksCrn9sGZhp8GMYwBnQsbvAWsZAX44oXNNvLHGqAOcoVxmjZiohstwQ7SqKnbR47akdNi+uleWD8+g6A==",
            "license": "MIT",
            "funding": {
                "type": "opencollective",
                "url": "https://opencollective.com/popperjs"
            }
        },
        "node_modules/acorn": {
            "version": "8.15.0",
            "resolved": "https://registry.npmjs.org/acorn/-/acorn-8.15.0.tgz",
            "integrity": "sha512-NZyJarBfL7nWwIq+FDL6Zp/yHEhePMNnnJ0y3qfieCrmNvYct8uvtiV41UvlSe6apAfk0fY1FbWx+NwfmpvtTg==",
            "dev": true,
            "license": "MIT",
            "bin": {
                "acorn": "bin/acorn"
            },
            "engines": {
                "node": ">=0.4.0"
            }
        },
        "node_modules/buffer-from": {
            "version": "1.1.2",
            "resolved": "https://registry.npmjs.org/buffer-from/-/buffer-from-1.1.2.tgz",
            "integrity": "sha512-E+XQCRwSbaaiChtv6k6Dwgc+bx+Bs6vuKJHHl5kox/BaKbhiXzqQOwK4cO22yElGp2OCmjwVhT3HmxgyPGnJfQ==",
            "dev": true,
            "license": "MIT"
        },
        "node_modules/camel-case": {
            "version": "4.1.2",
            "resolved": "https://registry.npmjs.org/camel-case/-/camel-case-4.1.2.tgz",
            "integrity": "sha512-gxGWBrTT1JuMx6R+o5PTXMmUnhnVzLQ9SNutD4YqKtI6ap897t3tKECYla6gCWEkplXnlNybEkZg9GEGxKFCgw==",
            "dev": true,
            "license": "MIT",
            "dependencies": {
                "pascal-case": "^3.1.2",
                "tslib": "^2.0.3"
            }
        },
        "node_modules/clean-css": {
            "version": "5.3.3",
            "resolved": "https://registry.npmjs.org/clean-css/-/clean-css-5.3.3.tgz",
            "integrity": "sha512-D5J+kHaVb/wKSFcyyV75uCn8fiY4sV38XJoe4CUyGQ+mOU/fMVYUdH1hJC+CJQ5uY3EnW27SbJYS4X8BiLrAFg==",
            "dev": true,
            "license": "MIT",
            "dependencies": {
                "source-map": "~0.6.0"
            },
            "engines": {
                "node": ">= 10.0"
            }
        },
        "node_modules/commander": {
            "version": "10.0.1",
            "resolved": "https://registry.npmjs.org/commander/-/commander-10.0.1.tgz",
            "integrity": "sha512-y4Mg2tXshplEbSGzx7amzPwKKOCGuoSRP/CjEdwwk0FOGlUbq6lKuoyDZTNZkmxHdJtp54hdfY/JUrdL7Xfdug==",
            "dev": true,
            "license": "MIT",
            "engines": {
                "node": ">=14"
            }
        },
        "node_modules/core-util-is": {
            "version": "1.0.3",
            "resolved": "https://registry.npmjs.org/core-util-is/-/core-util-is-1.0.3.tgz",
            "integrity": "sha512-ZQBvi1DcpJ4GDqanjucZ2Hj3wEO5pZDS89BWbkcrvdxksJorwUDDZamX9ldFkp9aw2lmBDLgkObEA4DWNJ9FYQ==",
            "license": "MIT"
        },
        "node_modules/deepmerge": {
            "version": "4.3.1",
            "resolved": "https://registry.npmjs.org/deepmerge/-/deepmerge-4.3.1.tgz",
            "integrity": "sha512-3sUqbMEc77XqpdNO7FRyRog+eW3ph+GYCbj+rK+uYyRMuwsVy0rMiVtPn+QJlKFvWP/1PYpapqYn0Me2knFn+A==",
            "license": "MIT",
            "engines": {
                "node": ">=0.10.0"
            }
        },
        "node_modules/dompurify": {
            "version": "3.0.5",
            "resolved": "https://registry.npmjs.org/dompurify/-/dompurify-3.0.5.tgz",
            "integrity": "sha512-F9e6wPGtY+8KNMRAVfxeCOHU0/NPWMSENNq4pQctuXRqqdEPW7q3CrLbR5Nse044WwacyjHGOMlvNsBe1y6z9A==",
            "license": "(MPL-2.0 OR Apache-2.0)"
        },
        "node_modules/dot-case": {
            "version": "3.0.4",
            "resolved": "https://registry.npmjs.org/dot-case/-/dot-case-3.0.4.tgz",
            "integrity": "sha512-Kv5nKlh6yRrdrGvxeJ2e5y2eRUpkUosIW4A2AS38zwSz27zu7ufDwQPi5Jhs3XAlGNetl3bmnGhQsMtkKJnj3w==",
            "dev": true,
            "license": "MIT",
            "dependencies": {
                "no-case": "^3.0.4",
                "tslib": "^2.0.3"
            }
        },
        "node_modules/entities": {
            "version": "4.5.0",
            "resolved": "https://registry.npmjs.org/entities/-/entities-4.5.0.tgz",
            "integrity": "sha512-V0hjH4dGPh9Ao5p0MoRY6BVqtwCjhz6vI5LT8AJ55H+4g9/4vbHx1I54fS0XuclLhDHArPQCiMjDxjaL8fPxhw==",
            "dev": true,
            "license": "BSD-2-Clause",
            "engines": {
                "node": ">=0.12"
            },
            "funding": {
                "url": "https://github.com/fb55/entities?sponsor=1"
            }
        },
        "node_modules/highlight.js": {
            "version": "11.9.0",
            "resolved": "https://registry.npmjs.org/highlight.js/-/highlight.js-11.9.0.tgz",
            "integrity": "sha512-fJ7cW7fQGCYAkgv4CPfwFHrfd/cLS4Hau96JuJ+ZTOWhjnhoeN1ub1tFmALm/+lW5z4WCAuAV9bm05AP0mS6Gw==",
            "license": "BSD-3-Clause",
            "engines": {
                "node": ">=12.0.0"
            }
        },
        "node_modules/html-minifier-terser": {
            "version": "7.2.0",
            "resolved": "https://registry.npmjs.org/html-minifier-terser/-/html-minifier-terser-7.2.0.tgz",
            "integrity": "sha512-tXgn3QfqPIpGl9o+K5tpcj3/MN4SfLtsx2GWwBC3SSd0tXQGyF3gsSqad8loJgKZGM3ZxbYDd5yhiBIdWpmvLA==",
            "dev": true,
            "license": "MIT",
            "dependencies": {
                "camel-case": "^4.1.2",
                "clean-css": "~5.3.2",
                "commander": "^10.0.0",
                "entities": "^4.4.0",
                "param-case": "^3.0.4",
                "relateurl": "^0.2.7",
                "terser": "^5.15.1"
            },
            "bin": {
                "html-minifier-terser": "cli.js"
            },
            "engines": {
                "node": "^14.13.1 || >=16.0.0"
            }
        },
        "node_modules/immediate": {
            "version": "3.0.6",
            "resolved": "https://registry.npmjs.org/immediate/-/immediate-3.0.6.tgz",
            "integrity": "sha512-XXOFtyqDjNDAQxVfYxuF7g9Il/IbWmmlQg2MYKOH8ExIT1qg6xc4zyS3HaEEATgs1btfzxq15ciUiY7gjSXRGQ==",
            "license": "MIT"
        },
        "node_modules/inherits": {
            "version": "2.0.4",
            "resolved": "https://registry.npmjs.org/inherits/-/inherits-2.0.4.tgz",
            "integrity": "sha512-k/vGaX4/Yla3WzyMCvTQOXYeIHvqOKtnqBduzTHpzpQZzAskKMhZ2K+EnBiSM9zGSoIFeMpXKxa4dYeZIQqewQ==",
            "license": "ISC"
        },
        "node_modules/isarray": {
            "version": "1.0.0",
            "resolved": "https://registry.npmjs.org/isarray/-/isarray-1.0.0.tgz",
            "integrity": "sha512-VLghIWNM6ELQzo7zwmcg0NmTVyWKYjvIeM83yjp0wRDTmUnrM678fQbcKBo6n2CJEF0szoG//ytg+TKla89ALQ==",
            "license": "MIT"
        },
        "node_modules/jszip": {
            "version": "3.10.1",
            "resolved": "https://registry.npmjs.org/jszip/-/jszip-3.10.1.tgz",
            "integrity": "sha512-xXDvecyTpGLrqFrvkrUSoxxfJI5AH7U8zxxtVclpsUtMCq4JQ290LY8AW5c7Ggnr/Y/oK+bQMbqK2qmtk3pN4g==",
            "license": "(MIT OR GPL-3.0-or-later)",
            "dependencies": {
                "lie": "~3.3.0",
                "pako": "~1.0.2",
                "readable-stream": "~2.3.6",
                "setimmediate": "^1.0.5"
            }
        },
        "node_modules/katex": {
            "version": "0.16.9",
            "resolved": "https://registry.npmjs.org/katex/-/katex-0.16.9.tgz",
            "integrity": "sha512-fsSYjWS0EEOwvy81j3vRA8TEAhQhKiqO+FQaKWp0m39qwOzHVBgAUBIXWj1pB+O2W3fIpNa6Y9KSKCVbfPhyAQ==",
            "funding": [
                "https://opencollective.com/katex",
                "https://github.com/sponsors/katex"
            ],
            "license": "MIT",
            "dependencies": {
                "commander": "^8.3.0"
            },
            "bin": {
                "katex": "cli.js"
            }
        },
        "node_modules/katex/node_modules/commander": {
            "version": "8.3.0",
            "resolved": "https://registry.npmjs.org/commander/-/commander-8.3.0.tgz",
            "integrity": "sha512-OkTL9umf+He2DZkUq8f8J9of7yL6RJKI24dVITBmNfZBmri9zYZQrKkuXiKhyfPSu8tUhnVBB1iKXevvnlR4Ww==",
            "license": "MIT",
            "engines": {
                "node": ">= 12"
            }
        },
        "node_modules/lie": {
            "version": "3.3.0",
            "resolved": "https://registry.npmjs.org/lie/-/lie-3.3.0.tgz",
            "integrity": "sha512-UaiMJzeWRlEujzAuw5LokY1L5ecNQYZKfmyZ9L7wDHb/p5etKaxXhohBcrw0EYby+G/NA52vRSN4N39dxHAIwQ==",
            "license": "MIT",
            "dependencies": {
                "immediate": "~3.0.5"
            }
        },
        "node_modules/lower-case": {
            "version": "2.0.2",
            "resolved": "https://registry.npmjs.org/lower-case/-/lower-case-2.0.2.tgz",
            "integrity": "sha512-7fm3l3NAF9WfN6W3JOmf5drwpVqX78JtoGJ3A6W0a6ZnldM41w2fV5D490psKFTpMds8TJse/eHLFFsNHHjHgg==",
            "dev": true,
            "license": "MIT",
            "dependencies": {
                "tslib": "^2.0.3"
            }
        },
        "node_modules/marked": {
            "version": "11.2.0",
            "resolved": "https://registry.npmjs.org/marked/-/marked-11.2.0.tgz",
            "integrity": "sha512-HR0m3bvu0jAPYiIvLUUQtdg1g6D247//lvcekpHO1WMvbwDlwSkZAX9Lw4F4YHE1T0HaaNve0tuAWuV1UJ6vtw==",
            "license": "MIT",
            "bin": {
                "marked": "bin/marked.js"
            },
            "engines": {
                "node": ">= 18"
            }
        },
        "node_modules/marked-footnote": {
            "version": "1.2.2",
            "resolved": "https://registry.npmjs.org/marked-footnote/-/marked-footnote-1.2.2.tgz",
            "integrity": "sha512-TFBEHwHLSSedub7P6XHHs+dMMOnDeNV5+kFDo4trU//gDd8iM57lg9jr9NGwDifPwLllHwKmFcRNp5uYvO2Fnw==",
            "license": "MIT",
            "peerDependencies": {
                "marked": ">=7.0.0"
            }
        },
        "node_modules/marked-highlight": {
            "version": "2.1.0",
            "resolved": "https://registry.npmjs.org/marked-highlight/-/marked-highlight-2.1.0.tgz",
            "integrity": "sha512-peBvgGZZqUw074Vy/N8Y7/6JQhSnR54/T0Ozq2/fAIBzcYfVfExFdQJptIhQxreR1elpwvJRrqhp6S/Prk8prA==",
            "license": "MIT",
            "peerDependencies": {
                "marked": ">=4 <12"
            }
        },
        "node_modules/marked-katex-extension": {
            "version": "5.1.7",
            "resolved": "https://registry.npmjs.org/marked-katex-extension/-/marked-katex-extension-5.1.7.tgz",
            "integrity": "sha512-CVFzrqwpXGVaHByqcVvO/JfzW/OMWrAF3pEfNYNIruzBzM64moANSHapCg1qbzEN+NGf5unHwkMfwJIXHzyDAw==",
            "license": "MIT",
            "peerDependencies": {
                "katex": ">=0.16 <0.17",
                "marked": ">=4 <18"
            }
        },
        "node_modules/no-case": {
            "version": "3.0.4",
            "resolved": "https://registry.npmjs.org/no-case/-/no-case-3.0.4.tgz",
            "integrity": "sha512-fgAN3jGAh+RoxUGZHTSOLJIqUc2wmoBwGR4tbpNAKmmovFoWq0OdRkb0VkldReO2a2iBT/OEulG9XSUc10r3zg==",
            "dev": true,
            "license": "MIT",
            "dependencies": {
                "lower-case": "^2.0.2",
                "tslib": "^2.0.3"
            }
        },
        "node_modules/node-forge": {
            "version": "1.3.3",
            "resolved": "https://registry.npmjs.org/node-forge/-/node-forge-1.3.3.tgz",
            "integrity": "sha512-rLvcdSyRCyouf6jcOIPe/BgwG/d7hKjzMKOas33/pHEr6gbq18IK9zV7DiPvzsz0oBJPme6qr6H6kGZuI9/DZg==",
            "license": "(BSD-3-Clause OR GPL-2.0)",
            "engines": {
                "node": ">= 6.13.0"
            }
        },
        "node_modules/pako": {
            "version": "1.0.11",
            "resolved": "https://registry.npmjs.org/pako/-/pako-1.0.11.tgz",
            "integrity": "sha512-4hLB8Py4zZce5s4yd9XzopqwVv/yGNhV1Bl8NTmCq1763HeK2+EwVTv+leGeL13Dnh2wfbqowVPXCIO0z4taYw==",
            "license": "(MIT AND Zlib)"
        },
        "node_modules/param-case": {
            "version": "3.0.4",
            "resolved": "https://registry.npmjs.org/param-case/-/param-case-3.0.4.tgz",
            "integrity": "sha512-RXlj7zCYokReqWpOPH9oYivUzLYZ5vAPIfEmCTNViosC78F8F0H9y7T7gG2M39ymgutxF5gcFEsyZQSph9Bp3A==",
            "dev": true,
            "license": "MIT",
            "dependencies": {
                "dot-case": "^3.0.4",
                "tslib": "^2.0.3"
            }
        },
        "node_modules/pascal-case": {
            "version": "3.1.2",
            "resolved": "https://registry.npmjs.org/pascal-case/-/pascal-case-3.1.2.tgz",
            "integrity": "sha512-uWlGT3YSnK9x3BQJaOdcZwrnV6hPpd8jFH1/ucpiLRPh/2zCVJKS19E4GvYHvaCcACn3foXZ0cLB9Wrx1KGe5g==",
            "dev": true,
            "license": "MIT",
            "dependencies": {
                "no-case": "^3.0.4",
                "tslib": "^2.0.3"
            }
        },
        "node_modules/pdf-lib": {
            "version": "1.17.1",
            "resolved": "https://registry.npmjs.org/pdf-lib/-/pdf-lib-1.17.1.tgz",
            "integrity": "sha512-V/mpyJAoTsN4cnP31vc0wfNA1+p20evqqnap0KLoRUN0Yk/p3wN52DOEsL4oBFcLdb76hlpKPtzJIgo67j/XLw==",
            "license": "MIT",
            "dependencies": {
                "@pdf-lib/standard-fonts": "^1.0.0",
                "@pdf-lib/upng": "^1.0.1",
                "pako": "^1.0.11",
                "tslib": "^1.11.1"
            }
        },
        "node_modules/pdf-lib/node_modules/tslib": {
            "version": "1.14.1",
            "resolved": "https://registry.npmjs.org/tslib/-/tslib-1.14.1.tgz",
            "integrity": "sha512-Xni35NKzjgMrwevysHTCArtLDpPvye8zV/0E4EyYn43P7/7qvQwPh9BGkHewbMulVntbigmcT7rdX3BNo9wRJg==",
            "license": "0BSD"
        },
        "node_modules/process-nextick-args": {
            "version": "2.0.1",
            "resolved": "https://registry.npmjs.org/process-nextick-args/-/process-nextick-args-2.0.1.tgz",
            "integrity": "sha512-3ouUOpQhtgrbOa17J7+uxOTpITYWaGP7/AhoR3+A+/1e9skrzelGi/dXzEYyvbxubEF6Wn2ypscTKiKJFFn1ag==",
            "license": "MIT"
        },
        "node_modules/readable-stream": {
            "version": "2.3.8",
            "resolved": "https://registry.npmjs.org/readable-stream/-/readable-stream-2.3.8.tgz",
            "integrity": "sha512-8p0AUk4XODgIewSi0l8Epjs+EVnWiK7NoDIEGU0HhE7+ZyY8D1IMY7odu5lRrFXGg71L15KG8QrPmum45RTtdA==",
            "license": "MIT",
            "dependencies": {
                "core-util-is": "~1.0.0",
                "inherits": "~2.0.3",
                "isarray": "~1.0.0",
                "process-nextick-args": "~2.0.0",
                "safe-buffer": "~5.1.1",
                "string_decoder": "~1.1.1",
                "util-deprecate": "~1.0.1"
            }
        },
        "node_modules/relateurl": {
            "version": "0.2.7",
            "resolved": "https://registry.npmjs.org/relateurl/-/relateurl-0.2.7.tgz",
            "integrity": "sha512-G08Dxvm4iDN3MLM0EsP62EDV9IuhXPR6blNz6Utcp7zyV3tr4HVNINt6MpaRWbxoOHT3Q7YN2P+jaHX8vUbgog==",
            "dev": true,
            "license": "MIT",
            "engines": {
                "node": ">= 0.10"
            }
        },
        "node_modules/safe-buffer": {
            "version": "5.1.2",
            "resolved": "https://registry.npmjs.org/safe-buffer/-/safe-buffer-5.1.2.tgz",
            "integrity": "sha512-Gd2UZBJDkXlY7GbJxfsE8/nvKkUEU1G38c1siN6QP6a9PT9MmHB8GnpscSmMJSoF8LOIrt8ud/wPtojys4G6+g==",
            "license": "MIT"
        },
        "node_modules/setimmediate": {
            "version": "1.0.5",
            "resolved": "https://registry.npmjs.org/setimmediate/-/setimmediate-1.0.5.tgz",
            "integrity": "sha512-MATJdZp8sLqDl/68LfQmbP8zKPLQNV6BIZoIgrscFDQ+RsvK/BxeDQOgyxKKoh0y/8h3BqVFnCqQ/gd+reiIXA==",
            "license": "MIT"
        },
        "node_modules/shepherd.js": {
            "version": "10.0.1",
            "resolved": "https://registry.npmjs.org/shepherd.js/-/shepherd.js-10.0.1.tgz",
            "integrity": "sha512-R32v4b4b0N1gK/vxvRtdhty+SBZlBPcPTSYCwcaAQvFd0n6Xki7cRH6Sx0oD9WB/HCkqCNM1msyIyylXmq635w==",
            "license": "MIT",
            "dependencies": {
                "@popperjs/core": "^2.11.5",
                "deepmerge": "^4.2.2",
                "smoothscroll-polyfill": "^0.4.4"
            },
            "engines": {
                "node": "12.* || 14.* || >= 16"
            },
            "funding": {
                "type": "individual",
                "url": "https://github.com/sponsors/rwwagner90"
            }
        },
        "node_modules/smoothscroll-polyfill": {
            "version": "0.4.4",
            "resolved": "https://registry.npmjs.org/smoothscroll-polyfill/-/smoothscroll-polyfill-0.4.4.tgz",
            "integrity": "sha512-TK5ZA9U5RqCwMpfoMq/l1mrH0JAR7y7KRvOBx0n2869aLxch+gT9GhN3yUfjiw+d/DiF1mKo14+hd62JyMmoBg==",
            "license": "MIT"
        },
        "node_modules/source-map": {
            "version": "0.6.1",
            "resolved": "https://registry.npmjs.org/source-map/-/source-map-0.6.1.tgz",
            "integrity": "sha512-UjgapumWlbMhkBgzT7Ykc5YXUT46F0iKu8SGXq0bcwP5dz/h0Plj6enJqjz1Zbq2l5WaqYnrVbwWOWMyF3F47g==",
            "dev": true,
            "license": "BSD-3-Clause",
            "engines": {
                "node": ">=0.10.0"
            }
        },
        "node_modules/source-map-support": {
            "version": "0.5.21",
            "resolved": "https://registry.npmjs.org/source-map-support/-/source-map-support-0.5.21.tgz",
            "integrity": "sha512-uBHU3L3czsIyYXKX88fdrGovxdSCoTGDRZ6SYXtSRxLZUzHg5P/66Ht6uoUlHu9EZod+inXhKo3qQgwXUT/y1w==",
            "dev": true,
            "license": "MIT",
            "dependencies": {
                "buffer-from": "^1.0.0",
                "source-map": "^0.6.0"
            }
        },
        "node_modules/string_decoder": {
            "version": "1.1.1",
            "resolved": "https://registry.npmjs.org/string_decoder/-/string_decoder-1.1.1.tgz",
            "integrity": "sha512-n/ShnvDi6FHbbVfviro+WojiFzv+s8MPMHBczVePfUpDJLwoLT0ht1l4YwBCbi8pJAveEEdnkHyPyTP/mzRfwg==",
            "license": "MIT",
            "dependencies": {
                "safe-buffer": "~5.1.0"
            }
        },
        "node_modules/terser": {
            "version": "5.44.1",
            "resolved": "https://registry.npmjs.org/terser/-/terser-5.44.1.tgz",
            "integrity": "sha512-t/R3R/n0MSwnnazuPpPNVO60LX0SKL45pyl9YlvxIdkH0Of7D5qM2EVe+yASRIlY5pZ73nclYJfNANGWPwFDZw==",
            "dev": true,
            "license": "BSD-2-Clause",
            "dependencies": {
                "@jridgewell/source-map": "^0.3.3",
                "acorn": "^8.15.0",
                "commander": "^2.20.0",
                "source-map-support": "~0.5.20"
            },
            "bin": {
                "terser": "bin/terser"
            },
            "engines": {
                "node": ">=10"
            }
        },
        "node_modules/terser/node_modules/commander": {
            "version": "2.20.3",
            "resolved": "https://registry.npmjs.org/commander/-/commander-2.20.3.tgz",
            "integrity": "sha512-GpVkmM8vF2vQUkj2LvZmD35JxeJOLCwJ9cUkugyk2nuhbv3+mJvpLYYt+0+USMxE+oj+ey/lJEnhZw75x/OMcQ==",
            "dev": true,
            "license": "MIT"
        },
        "node_modules/tslib": {
            "version": "2.8.1",
            "resolved": "https://registry.npmjs.org/tslib/-/tslib-2.8.1.tgz",
            "integrity": "sha512-oJFu94HQb+KVduSUQL7wnpmqnfmLsOA/nAh6b6EH0wCEoK0/mPeXU6c3wKDV83MkOuHPRHtSXKKU99IBazS/2w==",
            "dev": true,
            "license": "0BSD"
        },
        "node_modules/util-deprecate": {
            "version": "1.0.2",
            "resolved": "https://registry.npmjs.org/util-deprecate/-/util-deprecate-1.0.2.tgz",
            "integrity": "sha512-EPD5q1uXyFxJpCrLnCc1nHnq3gOa6DZBocAIiI2TaSCA7VCJ1UJDMagCzIkXNsUYfD1daK//LTEQ8xiIbrHtcw==",
            "license": "MIT"
        }
    }
}
